
Microsoft Visual Studio Solution File, Format Version 12.00
# Visual Studio Version 16
VisualStudioVersion = 16.0.29728.190
MinimumVisualStudioVersion = 10.0.40219.1
Project("{FAE04EC0-301F-11D3-BF4B-00C04F79EFBC}") = "HelloWorld", "HelloWorld\HelloWorld.csproj", "{7BAF7CB9-9E45-43B3-9D24-83FA81A537D3}"
EndProject
Global
	GlobalSection(SolutionConfigurationPlatforms) = preSolution
		Debug|Any CPU = Debug|Any CPU
		Release|Any CPU = Release|Any CPU
	EndGlobalSection
	GlobalSection(ProjectConfigurationPlatforms) = postSolution
		{7BAF7CB9-9E45-43B3-9D24-83FA81A537D3}.Debug|Any CPU.ActiveCfg = Debug|Any CPU
		{7BAF7CB9-9E45-43B3-9D24-83FA81A537D3}.Debug|Any CPU.Build.0 = Debug|Any CPU
		{7BAF7CB9-9E45-43B3-9D24-83FA81A537D3}.Release|Any CPU.ActiveCfg = Release|Any CPU
		{7BAF7CB9-9E45-43B3-9D24-83FA81A537D3}.Release|Any CPU.Build.0 = Release|Any CPU
	EndGlobalSection
	GlobalSection(SolutionProperties) = preSolution
		HideSolutionNode = FALSE
	EndGlobalSection
	GlobalSection(ExtensibilityGlobals) = postSolution
		SolutionGuid = {80263295-E754-4AE5-B6FD-74A2D74D89A0}
	EndGlobalSection
EndGlobal
